
Microsoft Visual Studio Solution File, Format Version 12.00
# Visual Studio Version 17
VisualStudioVersion = 17.4.33213.308
MinimumVisualStudioVersion = 10.0.40219.1
Project("{FAE04EC0-301F-11D3-BF4B-00C04F79EFBC}") = "WPFUI", "WPFUI\WPFUI.csproj", "{7442D771-0DFA-49A9-85D2-A1D1A89C9792}"
EndProject
Project("{FAE04EC0-301F-11D3-BF4B-00C04F79EFBC}") = "Engine", "Engine\Engine.csproj", "{0C8802DA-BC71-458C-928A-B55981B719F6}"
EndProject
Global
	GlobalSection(SolutionConfigurationPlatforms) = preSolution
		Debug|Any CPU = Debug|Any CPU
		Release|Any CPU = Release|Any CPU
	EndGlobalSection
	GlobalSection(ProjectConfigurationPlatforms) = postSolution
		{7442D771-0DFA-49A9-85D2-A1D1A89C9792}.Debug|Any CPU.ActiveCfg = Debug|Any CPU
		{7442D771-0DFA-49A9-85D2-A1D1A89C9792}.Debug|Any CPU.Build.0 = Debug|Any CPU
		{7442D771-0DFA-49A9-85D2-A1D1A89C9792}.Release|Any CPU.ActiveCfg = Release|Any CPU
		{7442D771-0DFA-49A9-85D2-A1D1A89C9792}.Release|Any CPU.Build.0 = Release|Any CPU
		{0C8802DA-BC71-458C-928A-B55981B719F6}.Debug|Any CPU.ActiveCfg = Debug|Any CPU
		{0C8802DA-BC71-458C-928A-B55981B719F6}.Debug|Any CPU.Build.0 = Debug|Any CPU
		{0C8802DA-BC71-458C-928A-B55981B719F6}.Release|Any CPU.ActiveCfg = Release|Any CPU
		{0C8802DA-BC71-458C-928A-B55981B719F6}.Release|Any CPU.Build.0 = Release|Any CPU
	EndGlobalSection
	GlobalSection(SolutionProperties) = preSolution
		HideSolutionNode = FALSE
	EndGlobalSection
	GlobalSection(ExtensibilityGlobals) = postSolution
		SolutionGuid = {BD052E81-2625-4215-BBB9-2C787FB71559}
	EndGlobalSection
EndGlobal
